
Microsoft Visual Studio Solution File, Format Version 12.00
# Visual Studio Version 17
VisualStudioVersion = 17.10.35122.118
MinimumVisualStudioVersion = 10.0.40219.1
Project("{FAE04EC0-301F-11D3-BF4B-00C04F79EFBC}") = "StudentPortal.Web", "StudentPortal.Web\StudentPortal.Web.csproj", "{B773C8A8-823D-49CD-8BC2-794328C3054C}"
EndProject
Global
	GlobalSection(SolutionConfigurationPlatforms) = preSolution
		Debug|Any CPU = Debug|Any CPU
		Release|Any CPU = Release|Any CPU
	EndGlobalSection
	GlobalSection(ProjectConfigurationPlatforms) = postSolution
		{B773C8A8-823D-49CD-8BC2-794328C3054C}.Debug|Any CPU.ActiveCfg = Debug|Any CPU
		{B773C8A8-823D-49CD-8BC2-794328C3054C}.Debug|Any CPU.Build.0 = Debug|Any CPU
		{B773C8A8-823D-49CD-8BC2-794328C3054C}.Release|Any CPU.ActiveCfg = Release|Any CPU
		{B773C8A8-823D-49CD-8BC2-794328C3054C}.Release|Any CPU.Build.0 = Release|Any CPU
	EndGlobalSection
	GlobalSection(SolutionProperties) = preSolution
		HideSolutionNode = FALSE
	EndGlobalSection
	GlobalSection(ExtensibilityGlobals) = postSolution
		SolutionGuid = {6E744F6C-69D5-4611-B022-864410522AA2}
	EndGlobalSection
EndGlobal
